
Microsoft Visual Studio Solution File, Format Version 12.00
# Visual Studio Version 17
VisualStudioVersion = 17.1.32228.430
MinimumVisualStudioVersion = 10.0.40219.1
Project("{FAE04EC0-301F-11D3-BF4B-00C04F79EFBC}") = "Exercicio5", "Exercicio5.csproj", "{817BB75D-3322-471F-8F45-0276968FDA4C}"
EndProject
Global
	GlobalSection(SolutionConfigurationPlatforms) = preSolution
		Debug|Any CPU = Debug|Any CPU
		Release|Any CPU = Release|Any CPU
	EndGlobalSection
	GlobalSection(ProjectConfigurationPlatforms) = postSolution
		{817BB75D-3322-471F-8F45-0276968FDA4C}.Debug|Any CPU.ActiveCfg = Debug|Any CPU
		{817BB75D-3322-471F-8F45-0276968FDA4C}.Debug|Any CPU.Build.0 = Debug|Any CPU
		{817BB75D-3322-471F-8F45-0276968FDA4C}.Release|Any CPU.ActiveCfg = Release|Any CPU
		{817BB75D-3322-471F-8F45-0276968FDA4C}.Release|Any CPU.Build.0 = Release|Any CPU
	EndGlobalSection
	GlobalSection(SolutionProperties) = preSolution
		HideSolutionNode = FALSE
	EndGlobalSection
	GlobalSection(ExtensibilityGlobals) = postSolution
		SolutionGuid = {C38E47B1-D1D0-495C-BFFF-A9EFE263CAFD}
	EndGlobalSection
EndGlobal
