
Microsoft Visual Studio Solution File, Format Version 12.00
# Visual Studio Version 16
VisualStudioVersion = 16.0.31829.152
MinimumVisualStudioVersion = 10.0.40219.1
Project("{FAE04EC0-301F-11D3-BF4B-00C04F79EFBC}") = "AccountSys", "AccountSys\AccountSys.csproj", "{4333E7CD-8D75-4FE4-A06D-3E7ACC7E6F62}"
EndProject
Global
	GlobalSection(SolutionConfigurationPlatforms) = preSolution
		Debug|Any CPU = Debug|Any CPU
		Release|Any CPU = Release|Any CPU
	EndGlobalSection
	GlobalSection(ProjectConfigurationPlatforms) = postSolution
		{4333E7CD-8D75-4FE4-A06D-3E7ACC7E6F62}.Debug|Any CPU.ActiveCfg = Debug|Any CPU
		{4333E7CD-8D75-4FE4-A06D-3E7ACC7E6F62}.Debug|Any CPU.Build.0 = Debug|Any CPU
		{4333E7CD-8D75-4FE4-A06D-3E7ACC7E6F62}.Release|Any CPU.ActiveCfg = Release|Any CPU
		{4333E7CD-8D75-4FE4-A06D-3E7ACC7E6F62}.Release|Any CPU.Build.0 = Release|Any CPU
	EndGlobalSection
	GlobalSection(SolutionProperties) = preSolution
		HideSolutionNode = FALSE
	EndGlobalSection
	GlobalSection(ExtensibilityGlobals) = postSolution
		SolutionGuid = {0F49CF75-5CA0-4621-8BAD-911894D5FE8B}
	EndGlobalSection
EndGlobal
