
Microsoft Visual Studio Solution File, Format Version 12.00
# Visual Studio Version 17
VisualStudioVersion = 17.1.32228.430
MinimumVisualStudioVersion = 10.0.40219.1
Project("{FAE04EC0-301F-11D3-BF4B-00C04F79EFBC}") = "Exercicio 3(Calcula Diferenca)", "Exercicio 3(Calcula Diferenca)\Exercicio 3(Calcula Diferenca).csproj", "{B27130EE-F83A-4706-A6F1-B1EE9A6C417D}"
EndProject
Global
	GlobalSection(SolutionConfigurationPlatforms) = preSolution
		Debug|Any CPU = Debug|Any CPU
		Release|Any CPU = Release|Any CPU
	EndGlobalSection
	GlobalSection(ProjectConfigurationPlatforms) = postSolution
		{B27130EE-F83A-4706-A6F1-B1EE9A6C417D}.Debug|Any CPU.ActiveCfg = Debug|Any CPU
		{B27130EE-F83A-4706-A6F1-B1EE9A6C417D}.Debug|Any CPU.Build.0 = Debug|Any CPU
		{B27130EE-F83A-4706-A6F1-B1EE9A6C417D}.Release|Any CPU.ActiveCfg = Release|Any CPU
		{B27130EE-F83A-4706-A6F1-B1EE9A6C417D}.Release|Any CPU.Build.0 = Release|Any CPU
	EndGlobalSection
	GlobalSection(SolutionProperties) = preSolution
		HideSolutionNode = FALSE
	EndGlobalSection
	GlobalSection(ExtensibilityGlobals) = postSolution
		SolutionGuid = {F6DE7E88-323E-44A5-A879-844C0C6E2B79}
	EndGlobalSection
EndGlobal
